
Microsoft Visual Studio Solution File, Format Version 12.00
# Visual Studio Version 17
VisualStudioVersion = 17.14.36414.22
MinimumVisualStudioVersion = 10.0.40219.1
Project("{FAE04EC0-301F-11D3-BF4B-00C04F79EFBC}") = "MyWebAPI", "MyWebAPI\MyWebAPI.csproj", "{37FDB52B-829D-4BAC-8DCF-643CD6D22FAF}"
EndProject
Project("{FAE04EC0-301F-11D3-BF4B-00C04F79EFBC}") = "API_BanDoc", "API_BanDoc\API_BanDoc.csproj", "{445D3E95-08A8-4E4B-AD30-7EA1F0446DE9}"
EndProject
Project("{FAE04EC0-301F-11D3-BF4B-00C04F79EFBC}") = "API_Sach", "API_Sach\API_Sach.csproj", "{1337EC95-A8D9-41F7-98EF-9A1E895644A6}"
EndProject
Project("{FAE04EC0-301F-11D3-BF4B-00C04F79EFBC}") = "API_TaiKhoan", "API_TaiKhoan\API_TaiKhoan.csproj", "{8F3A59B5-F12F-4739-8CAF-A0D4ACDF76B5}"
EndProject
Project("{FAE04EC0-301F-11D3-BF4B-00C04F79EFBC}") = "Frontend", "Frontend\Frontend.csproj", "{3040C02D-CFA2-4965-8BE7-265251239696}"
EndProject
Project("{FAE04EC0-301F-11D3-BF4B-00C04F79EFBC}") = "API_TheLoai", "API_TheLoai\API_TheLoai.csproj", "{D53ED84A-5601-499B-A04C-5130BBEEEEC3}"
EndProject
Project("{FAE04EC0-301F-11D3-BF4B-00C04F79EFBC}") = "API_KeSach", "API_KeSach\API_KeSach.csproj", "{D0BE9838-11C5-4832-958A-0B8BCD88B759}"
EndProject
Project("{FAE04EC0-301F-11D3-BF4B-00C04F79EFBC}") = "API_BanSao", "API_BanSao\API_BanSao.csproj", "{ACAB315D-6331-4CB8-B925-1EFE37A799FD}"
EndProject
Project("{FAE04EC0-301F-11D3-BF4B-00C04F79EFBC}") = "API_DatCho", "API_DatCho\API_DatCho.csproj", "{C060EF9E-8ED3-4188-B305-BE55DF5A9E21}"
EndProject
Project("{FAE04EC0-301F-11D3-BF4B-00C04F79EFBC}") = "API_PhieuMuon", "API_PhieuMuon\API_PhieuMuon.csproj", "{6C33D407-6B94-4BF5-B6CC-2D283EBB6A6F}"
EndProject
Project("{FAE04EC0-301F-11D3-BF4B-00C04F79EFBC}") = "API_DangNhap", "API_DangNhap\API_DangNhap.csproj", "{F4EC076F-00E5-4B98-AA63-EBE7424F3A45}"
EndProject
Project("{FAE04EC0-301F-11D3-BF4B-00C04F79EFBC}") = "API_Phat", "API_Phat\API_Phat.csproj", "{5C552A13-6411-4652-969B-3C7030B9E556}"
EndProject
Project("{FAE04EC0-301F-11D3-BF4B-00C04F79EFBC}") = "API_ThanhToan", "API_ThanhToan\API_ThanhToan.csproj", "{EDC5D893-53F5-4B75-A816-D4DD610725B0}"
EndProject
Project("{FAE04EC0-301F-11D3-BF4B-00C04F79EFBC}") = "MyWebAPI.DTO", "MyWebAPI.DTO\MyWebAPI.DTO.csproj", "{E1BB8840-7971-4041-83CC-F5F8FE5CEDE7}"
EndProject
Project("{FAE04EC0-301F-11D3-BF4B-00C04F79EFBC}") = "MyWebAPI.BLL", "MyWebAPI.DLL\MyWebAPI.BLL.csproj", "{3F4BA4D0-5BEE-45AF-8B05-3BBD9685A290}"
EndProject
Project("{FAE04EC0-301F-11D3-BF4B-00C04F79EFBC}") = "MyWebAPI.DAL", "MyWebAPI.DAL\MyWebAPI.DAL.csproj", "{B623C07D-06FA-4AEE-8798-7389E15C0DB7}"
EndProject
Global
	GlobalSection(SolutionConfigurationPlatforms) = preSolution
		Debug|Any CPU = Debug|Any CPU
		Release|Any CPU = Release|Any CPU
	EndGlobalSection
	GlobalSection(ProjectConfigurationPlatforms) = postSolution
		{37FDB52B-829D-4BAC-8DCF-643CD6D22FAF}.Debug|Any CPU.ActiveCfg = Debug|Any CPU
		{37FDB52B-829D-4BAC-8DCF-643CD6D22FAF}.Debug|Any CPU.Build.0 = Debug|Any CPU
		{37FDB52B-829D-4BAC-8DCF-643CD6D22FAF}.Release|Any CPU.ActiveCfg = Release|Any CPU
		{37FDB52B-829D-4BAC-8DCF-643CD6D22FAF}.Release|Any CPU.Build.0 = Release|Any CPU
		{445D3E95-08A8-4E4B-AD30-7EA1F0446DE9}.Debug|Any CPU.ActiveCfg = Debug|Any CPU
		{445D3E95-08A8-4E4B-AD30-7EA1F0446DE9}.Debug|Any CPU.Build.0 = Debug|Any CPU
		{445D3E95-08A8-4E4B-AD30-7EA1F0446DE9}.Release|Any CPU.ActiveCfg = Release|Any CPU
		{445D3E95-08A8-4E4B-AD30-7EA1F0446DE9}.Release|Any CPU.Build.0 = Release|Any CPU
		{1337EC95-A8D9-41F7-98EF-9A1E895644A6}.Debug|Any CPU.ActiveCfg = Debug|Any CPU
		{1337EC95-A8D9-41F7-98EF-9A1E895644A6}.Debug|Any CPU.Build.0 = Debug|Any CPU
		{1337EC95-A8D9-41F7-98EF-9A1E895644A6}.Release|Any CPU.ActiveCfg = Release|Any CPU
		{1337EC95-A8D9-41F7-98EF-9A1E895644A6}.Release|Any CPU.Build.0 = Release|Any CPU
		{8F3A59B5-F12F-4739-8CAF-A0D4ACDF76B5}.Debug|Any CPU.ActiveCfg = Debug|Any CPU
		{8F3A59B5-F12F-4739-8CAF-A0D4ACDF76B5}.Debug|Any CPU.Build.0 = Debug|Any CPU
		{8F3A59B5-F12F-4739-8CAF-A0D4ACDF76B5}.Release|Any CPU.ActiveCfg = Release|Any CPU
		{8F3A59B5-F12F-4739-8CAF-A0D4ACDF76B5}.Release|Any CPU.Build.0 = Release|Any CPU
		{3040C02D-CFA2-4965-8BE7-265251239696}.Debug|Any CPU.ActiveCfg = Debug|Any CPU
		{3040C02D-CFA2-4965-8BE7-265251239696}.Debug|Any CPU.Build.0 = Debug|Any CPU
		{3040C02D-CFA2-4965-8BE7-265251239696}.Release|Any CPU.ActiveCfg = Release|Any CPU
		{3040C02D-CFA2-4965-8BE7-265251239696}.Release|Any CPU.Build.0 = Release|Any CPU
		{D53ED84A-5601-499B-A04C-5130BBEEEEC3}.Debug|Any CPU.ActiveCfg = Debug|Any CPU
		{D53ED84A-5601-499B-A04C-5130BBEEEEC3}.Debug|Any CPU.Build.0 = Debug|Any CPU
		{D53ED84A-5601-499B-A04C-5130BBEEEEC3}.Release|Any CPU.ActiveCfg = Release|Any CPU
		{D53ED84A-5601-499B-A04C-5130BBEEEEC3}.Release|Any CPU.Build.0 = Release|Any CPU
		{D0BE9838-11C5-4832-958A-0B8BCD88B759}.Debug|Any CPU.ActiveCfg = Debug|Any CPU
		{D0BE9838-11C5-4832-958A-0B8BCD88B759}.Debug|Any CPU.Build.0 = Debug|Any CPU
		{D0BE9838-11C5-4832-958A-0B8BCD88B759}.Release|Any CPU.ActiveCfg = Release|Any CPU
		{D0BE9838-11C5-4832-958A-0B8BCD88B759}.Release|Any CPU.Build.0 = Release|Any CPU
		{ACAB315D-6331-4CB8-B925-1EFE37A799FD}.Debug|Any CPU.ActiveCfg = Debug|Any CPU
		{ACAB315D-6331-4CB8-B925-1EFE37A799FD}.Debug|Any CPU.Build.0 = Debug|Any CPU
		{ACAB315D-6331-4CB8-B925-1EFE37A799FD}.Release|Any CPU.ActiveCfg = Release|Any CPU
		{ACAB315D-6331-4CB8-B925-1EFE37A799FD}.Release|Any CPU.Build.0 = Release|Any CPU
		{C060EF9E-8ED3-4188-B305-BE55DF5A9E21}.Debug|Any CPU.ActiveCfg = Debug|Any CPU
		{C060EF9E-8ED3-4188-B305-BE55DF5A9E21}.Debug|Any CPU.Build.0 = Debug|Any CPU
		{C060EF9E-8ED3-4188-B305-BE55DF5A9E21}.Release|Any CPU.ActiveCfg = Release|Any CPU
		{C060EF9E-8ED3-4188-B305-BE55DF5A9E21}.Release|Any CPU.Build.0 = Release|Any CPU
		{6C33D407-6B94-4BF5-B6CC-2D283EBB6A6F}.Debug|Any CPU.ActiveCfg = Debug|Any CPU
		{6C33D407-6B94-4BF5-B6CC-2D283EBB6A6F}.Debug|Any CPU.Build.0 = Debug|Any CPU
		{6C33D407-6B94-4BF5-B6CC-2D283EBB6A6F}.Release|Any CPU.ActiveCfg = Release|Any CPU
		{6C33D407-6B94-4BF5-B6CC-2D283EBB6A6F}.Release|Any CPU.Build.0 = Release|Any CPU
		{F4EC076F-00E5-4B98-AA63-EBE7424F3A45}.Debug|Any CPU.ActiveCfg = Debug|Any CPU
		{F4EC076F-00E5-4B98-AA63-EBE7424F3A45}.Debug|Any CPU.Build.0 = Debug|Any CPU
		{F4EC076F-00E5-4B98-AA63-EBE7424F3A45}.Release|Any CPU.ActiveCfg = Release|Any CPU
		{F4EC076F-00E5-4B98-AA63-EBE7424F3A45}.Release|Any CPU.Build.0 = Release|Any CPU
		{5C552A13-6411-4652-969B-3C7030B9E556}.Debug|Any CPU.ActiveCfg = Debug|Any CPU
		{5C552A13-6411-4652-969B-3C7030B9E556}.Debug|Any CPU.Build.0 = Debug|Any CPU
		{5C552A13-6411-4652-969B-3C7030B9E556}.Release|Any CPU.ActiveCfg = Release|Any CPU
		{5C552A13-6411-4652-969B-3C7030B9E556}.Release|Any CPU.Build.0 = Release|Any CPU
		{EDC5D893-53F5-4B75-A816-D4DD610725B0}.Debug|Any CPU.ActiveCfg = Debug|Any CPU
		{EDC5D893-53F5-4B75-A816-D4DD610725B0}.Debug|Any CPU.Build.0 = Debug|Any CPU
		{EDC5D893-53F5-4B75-A816-D4DD610725B0}.Release|Any CPU.ActiveCfg = Release|Any CPU
		{EDC5D893-53F5-4B75-A816-D4DD610725B0}.Release|Any CPU.Build.0 = Release|Any CPU
		{E1BB8840-7971-4041-83CC-F5F8FE5CEDE7}.Debug|Any CPU.ActiveCfg = Debug|Any CPU
		{E1BB8840-7971-4041-83CC-F5F8FE5CEDE7}.Debug|Any CPU.Build.0 = Debug|Any CPU
		{E1BB8840-7971-4041-83CC-F5F8FE5CEDE7}.Release|Any CPU.ActiveCfg = Release|Any CPU
		{E1BB8840-7971-4041-83CC-F5F8FE5CEDE7}.Release|Any CPU.Build.0 = Release|Any CPU
		{3F4BA4D0-5BEE-45AF-8B05-3BBD9685A290}.Debug|Any CPU.ActiveCfg = Debug|Any CPU
		{3F4BA4D0-5BEE-45AF-8B05-3BBD9685A290}.Debug|Any CPU.Build.0 = Debug|Any CPU
		{3F4BA4D0-5BEE-45AF-8B05-3BBD9685A290}.Release|Any CPU.ActiveCfg = Release|Any CPU
		{3F4BA4D0-5BEE-45AF-8B05-3BBD9685A290}.Release|Any CPU.Build.0 = Release|Any CPU
		{B623C07D-06FA-4AEE-8798-7389E15C0DB7}.Debug|Any CPU.ActiveCfg = Debug|Any CPU
		{B623C07D-06FA-4AEE-8798-7389E15C0DB7}.Debug|Any CPU.Build.0 = Debug|Any CPU
		{B623C07D-06FA-4AEE-8798-7389E15C0DB7}.Release|Any CPU.ActiveCfg = Release|Any CPU
		{B623C07D-06FA-4AEE-8798-7389E15C0DB7}.Release|Any CPU.Build.0 = Release|Any CPU
	EndGlobalSection
	GlobalSection(SolutionProperties) = preSolution
		HideSolutionNode = FALSE
	EndGlobalSection
	GlobalSection(ExtensibilityGlobals) = postSolution
		SolutionGuid = {B51B36BF-905D-4115-A525-5D101C98C811}
	EndGlobalSection
EndGlobal
