
Microsoft Visual Studio Solution File, Format Version 12.00
# Visual Studio Version 17
VisualStudioVersion = 17.14.36414.22 d17.14
MinimumVisualStudioVersion = 10.0.40219.1
Project("{FAE04EC0-301F-11D3-BF4B-00C04F79EFBC}") = "MyWebAPI", "MyWebAPI\MyWebAPI.csproj", "{37FDB52B-829D-4BAC-8DCF-643CD6D22FAF}"
EndProject
Global
	GlobalSection(SolutionConfigurationPlatforms) = preSolution
		Debug|Any CPU = Debug|Any CPU
		Release|Any CPU = Release|Any CPU
	EndGlobalSection
	GlobalSection(ProjectConfigurationPlatforms) = postSolution
		{37FDB52B-829D-4BAC-8DCF-643CD6D22FAF}.Debug|Any CPU.ActiveCfg = Debug|Any CPU
		{37FDB52B-829D-4BAC-8DCF-643CD6D22FAF}.Debug|Any CPU.Build.0 = Debug|Any CPU
		{37FDB52B-829D-4BAC-8DCF-643CD6D22FAF}.Release|Any CPU.ActiveCfg = Release|Any CPU
		{37FDB52B-829D-4BAC-8DCF-643CD6D22FAF}.Release|Any CPU.Build.0 = Release|Any CPU
	EndGlobalSection
	GlobalSection(SolutionProperties) = preSolution
		HideSolutionNode = FALSE
	EndGlobalSection
	GlobalSection(ExtensibilityGlobals) = postSolution
		SolutionGuid = {B51B36BF-905D-4115-A525-5D101C98C811}
	EndGlobalSection
EndGlobal
